[[package]]
name = "annotated-types"
version = "0.6.0"
description = "Reusable constraint types to use with typing.Annotated"
category = "main"
optional = false
python-versions = ">=3.8"

[[package]]
name = "backoff"
version = "2.2.1"
description = "Function decoration for backoff and retry"
category = "main"
optional = false
python-versions = ">=3.7,<4.0"

[[package]]
name = "clickhouse-driver"
version = "0.2.6"
description = "Python driver with native interface for ClickHouse"
category = "main"
optional = false
python-versions = ">=3.7, <4"

[package.dependencies]
pytz = "*"
tzlocal = "*"

[package.extras]
lz4 = ["clickhouse-cityhash (>=1.0.2.1)", "lz4", "lz4 (<=3.0.1)"]
numpy = ["numpy (>=1.12.0)", "pandas (>=0.24.0)"]
zstd = ["zstd", "clickhouse-cityhash (>=1.0.2.1)"]

[[package]]
name = "mypy"
version = "1.7.1"
description = "Optional static typing for Python"
category = "dev"
optional = false
python-versions = ">=3.8"

[package.dependencies]
mypy-extensions = ">=1.0.0"
tomli = {version = ">=1.1.0", markers = "python_version < \"3.11\""}
typing-extensions = ">=4.1.0"

[package.extras]
dmypy = ["psutil (>=4.0)"]
install-types = ["pip"]
mypyc = ["setuptools (>=50)"]
reports = ["lxml"]

[[package]]
name = "mypy-extensions"
version = "1.0.0"
description = "Type system extensions for programs checked with the mypy type checker."
category = "dev"
optional = false
python-versions = ">=3.5"

[[package]]
name = "pydantic"
version = "2.5.2"
description = "Data validation using Python type hints"
category = "main"
optional = false
python-versions = ">=3.7"

[package.dependencies]
annotated-types = ">=0.4.0"
pydantic-core = "2.14.5"
typing-extensions = ">=4.6.1"

[package.extras]
email = ["email-validator (>=2.0.0)"]

[[package]]
name = "pydantic-core"
version = "2.14.5"
description = ""
category = "main"
optional = false
python-versions = ">=3.7"

[package.dependencies]
typing-extensions = ">=4.6.0,<4.7.0 || >4.7.0"

[[package]]
name = "pydantic-settings"
version = "2.1.0"
description = "Settings management using Pydantic"
category = "main"
optional = false
python-versions = ">=3.8"

[package.dependencies]
pydantic = ">=2.3.0"
python-dotenv = ">=0.21.0"

[[package]]
name = "python-dotenv"
version = "1.0.0"
description = "Read key-value pairs from a .env file and set them as environment variables"
category = "main"
optional = false
python-versions = ">=3.8"

[package.extras]
cli = ["click (>=5.0)"]

[[package]]
name = "pytz"
version = "2023.3.post1"
description = "World timezone definitions, modern and historical"
category = "main"
optional = false
python-versions = "*"

[[package]]
name = "ruff"
version = "0.1.6"
description = "An extremely fast Python linter and code formatter, written in Rust."
category = "dev"
optional = false
python-versions = ">=3.7"

[[package]]
name = "tomli"
version = "2.0.1"
description = "A lil' TOML parser"
category = "dev"
optional = false
python-versions = ">=3.7"

[[package]]
name = "typing-extensions"
version = "4.8.0"
description = "Backported and Experimental Type Hints for Python 3.8+"
category = "main"
optional = false
python-versions = ">=3.8"

[[package]]
name = "tzdata"
version = "2023.3"
description = "Provider of IANA time zone data"
category = "main"
optional = false
python-versions = ">=2"

[[package]]
name = "tzlocal"
version = "5.2"
description = "tzinfo object for the local timezone"
category = "main"
optional = false
python-versions = ">=3.8"

[package.dependencies]
tzdata = {version = "*", markers = "platform_system == \"Windows\""}

[package.extras]
devenv = ["pytest (>=4.3)", "pytest-mock (>=3.3)", "pytest-cov", "check-manifest", "zest.releaser"]

[metadata]
lock-version = "1.1"
python-versions = "^3.10"
content-hash = "257f51728fe80d2f46d74d1961db806a631cd1e891a147d30f9f20b343a1ef07"

[metadata.files]
annotated-types = []
backoff = []
clickhouse-driver = []
mypy = []
mypy-extensions = []
pydantic = []
pydantic-core = []
pydantic-settings = []
python-dotenv = []
pytz = []
ruff = []
tomli = []
typing-extensions = []
tzdata = []
tzlocal = []
